dependencies:
- name: nos-gpu-partitioner
  repository: oci://ghcr.io/nebuly-ai/helm-charts
  version: 0.1.0
- name: nos-scheduler
  repository: oci://ghcr.io/nebuly-ai/helm-charts
  version: 0.1.0
- name: nos-operator
  repository: oci://ghcr.io/nebuly-ai/helm-charts
  version: 0.1.0
digest: sha256:346e5368c0b77bf587a1c2076a43909153db7a1352ed690299a138ee63a39e67
generated: "2023-01-13T10:05:42.826384+01:00"
