dependencies:
- name: n8s-operator
  repository: oci://ghcr.io/telemaco019/helm-charts
  version: 0.0.1-alpha.2
- name: n8s-scheduler
  repository: oci://ghcr.io/telemaco019/helm-charts
  version: 0.0.1-alpha.2
- name: gpu-partitioner
  repository: oci://ghcr.io/telemaco019/helm-charts
  version: 0.0.1-alpha.2
digest: sha256:dd0506f0228199871f59e93c0737e62392afa95763f4d1fe42f261d1771dfc6f
generated: "2023-01-04T17:52:39.240903+01:00"
